
Microsoft Visual Studio Solution File, Format Version 12.00
# Visual Studio Version 17
VisualStudioVersion = 17.1.32210.238
MinimumVisualStudioVersion = 10.0.40219.1
Project("{FAE04EC0-301F-11D3-BF4B-00C04F79EFBC}") = "eTickets", "eTickets\eTickets.csproj", "{D1FEC6E5-C9F9-44DD-8D1A-B2A732B69650}"
EndProject
Global
	GlobalSection(SolutionConfigurationPlatforms) = preSolution
		Debug|Any CPU = Debug|Any CPU
		Release|Any CPU = Release|Any CPU
	EndGlobalSection
	GlobalSection(ProjectConfigurationPlatforms) = postSolution
		{D1FEC6E5-C9F9-44DD-8D1A-B2A732B69650}.Debug|Any CPU.ActiveCfg = Debug|Any CPU
		{D1FEC6E5-C9F9-44DD-8D1A-B2A732B69650}.Debug|Any CPU.Build.0 = Debug|Any CPU
		{D1FEC6E5-C9F9-44DD-8D1A-B2A732B69650}.Release|Any CPU.ActiveCfg = Release|Any CPU
		{D1FEC6E5-C9F9-44DD-8D1A-B2A732B69650}.Release|Any CPU.Build.0 = Release|Any CPU
	EndGlobalSection
	GlobalSection(SolutionProperties) = preSolution
		HideSolutionNode = FALSE
	EndGlobalSection
	GlobalSection(ExtensibilityGlobals) = postSolution
		SolutionGuid = {848604BC-A089-4A0B-B70D-743843558106}
	EndGlobalSection
EndGlobal
